
Microsoft Visual Studio Solution File, Format Version 12.00
# Visual Studio Version 16
VisualStudioVersion = 16.0.31515.178
MinimumVisualStudioVersion = 10.0.40219.1
Project("{FAE04EC0-301F-11D3-BF4B-00C04F79EFBC}") = "WinFormsApp", "WinFormsApp\WinFormsApp.csproj", "{A86259D8-2AD9-4D71-92A9-9D4E027DCC37}"
EndProject
Global
	GlobalSection(SolutionConfigurationPlatforms) = preSolution
		Debug|Any CPU = Debug|Any CPU
		Release|Any CPU = Release|Any CPU
	EndGlobalSection
	GlobalSection(ProjectConfigurationPlatforms) = postSolution
		{A86259D8-2AD9-4D71-92A9-9D4E027DCC37}.Debug|Any CPU.ActiveCfg = Debug|Any CPU
		{A86259D8-2AD9-4D71-92A9-9D4E027DCC37}.Debug|Any CPU.Build.0 = Debug|Any CPU
		{A86259D8-2AD9-4D71-92A9-9D4E027DCC37}.Release|Any CPU.ActiveCfg = Release|Any CPU
		{A86259D8-2AD9-4D71-92A9-9D4E027DCC37}.Release|Any CPU.Build.0 = Release|Any CPU
	EndGlobalSection
	GlobalSection(SolutionProperties) = preSolution
		HideSolutionNode = FALSE
	EndGlobalSection
	GlobalSection(ExtensibilityGlobals) = postSolution
		SolutionGuid = {0EE3614F-9493-4040-93A7-564CC045B8ED}
	EndGlobalSection
EndGlobal
